{
  "name": "docs",
  "version": "1.0.0",
  "lockfileVersion": 3,
  "requires": true,
  "packages": {
    "": {
      "name": "docs",
      "version": "1.0.0",
      "dependencies": {
        "@langchain/docs-sandbox": "0.0.13"
      }
    },
    "node_modules/@langchain/docs-sandbox": {
      "version": "0.0.13",
      "resolved": "https://registry.npmjs.org/@langchain/docs-sandbox/-/docs-sandbox-0.0.13.tgz",
      "integrity": "sha512-BpmRqq/GVxJOVy8ij2NSF3IE+zAXxX0PnX7a3iy0fAlJ524fTrClTSiknjKBYwSIF6uEsE8dFNK+0PEqsX9LLQ==",
      "peerDependencies": {
        "@langchain/playground-preview-protocol": "workspace:*",
        "react": "^18 || ^19",
        "zod": "^4.3.6"
      }
    }
  }
}
